version = 1
revision = 2
requires-python = ">=3.13"

[[package]]
name = "ab2d-mount-keystore"
version = "1.0.0"
source = { virtual = "." }
dependencies = [
    { name = "boto3" },
    { name = "click" },
]

[package.dev-dependencies]
dev = [
    { name = "boto3-stubs", extra = ["s3"] },
    { name = "ruff" },
    { name = "uv" },
]

[package.metadata]
requires-dist = [
    { name = "boto3" },
    { name = "click" },
]

[package.metadata.requires-dev]
dev = [
    { name = "boto3-stubs", extras = ["s3"] },
    { name = "ruff" },
    { name = "uv" },
]

[[package]]
name = "boto3"
version = "1.39.1"
source = { registry = "https://pypi.org/simple" }
dependencies = [
    { name = "botocore" },
    { name = "jmespath" },
    { name = "s3transfer" },
]
sdist = { url = "https://files.pythonhosted.org/packages/3f/c5/fae785c42e5f81eb1e1a7c3e7ffb34b14df6a1ac7b08355da526ec733392/boto3-1.39.1.tar.gz", hash = "sha256:3f89d6f05ab7d3a6f6807b45e9456a1a0db53bb47b1758cf5e0a3479cdd6d734", size = 111785, upload-time = "2025-07-01T19:13:35.429Z" }
wheels = [
    { url = "https://files.pythonhosted.org/packages/ec/06/fb6679699c470a1b81027700f7dbd7ea02f3cbc647ca9d5eaa80c98db31a/boto3-1.39.1-py3-none-any.whl", hash = "sha256:beb945ec1ab4bb48d39640ce7d3054b7e4ab2020ef3259034c039195ae04b2f7", size = 139905, upload-time = "2025-07-01T19:13:33.31Z" },
]

[[package]]
name = "boto3-stubs"
version = "1.39.1"
source = { registry = "https://pypi.org/simple" }
dependencies = [
    { name = "botocore-stubs" },
    { name = "types-s3transfer" },
]
sdist = { url = "https://files.pythonhosted.org/packages/ab/15/53ffddd602040a5d6ef2f39c3e6eda0f2b722dd60fef9088fa9723469d00/boto3_stubs-1.39.1.tar.gz", hash = "sha256:30afcb6d44f47cd0beb83bccce6f8b0161266baa2e0507075ae94d89f448cca6", size = 99951, upload-time = "2025-07-01T19:33:05.689Z" }
wheels = [
    { url = "https://files.pythonhosted.org/packages/05/79/2c6839315f04e2e9ac7c072aa1b36d774d705acb31d07e8f4d8af27d8899/boto3_stubs-1.39.1-py3-none-any.whl", hash = "sha256:59229c5c938ffd3ac55d7c323ea6504b11478189f66ba46d49e6a74bf9babcd3", size = 69198, upload-time = "2025-07-01T19:32:56.849Z" },
]

[package.optional-dependencies]
s3 = [
    { name = "mypy-boto3-s3" },
]

[[package]]
name = "botocore"
version = "1.39.1"
source = { registry = "https://pypi.org/simple" }
dependencies = [
    { name = "jmespath" },
    { name = "python-dateutil" },
    { name = "urllib3" },
]
sdist = { url = "https://files.pythonhosted.org/packages/b3/b6/65cce081cca1c7271a05f6464b485c95b3e42701e2a9fc4a820aa468c8f2/botocore-1.39.1.tar.gz", hash = "sha256:ac829b46b30bd837392c9792cdf63b44d290a4691c028b5e66ab471ced1b8305", size = 14123201, upload-time = "2025-07-01T19:13:24.396Z" }
wheels = [
    { url = "https://files.pythonhosted.org/packages/72/c9/aff05765e61c0874e66e28088c70cf65f1d568ad6b19afdccfe076addadb/botocore-1.39.1-py3-none-any.whl", hash = "sha256:912d518ac3096460e54d2cf80899943a521a586fd5c075568e807f3c35623318", size = 13783340, upload-time = "2025-07-01T19:13:18.344Z" },
]

[[package]]
name = "botocore-stubs"
version = "1.38.46"
source = { registry = "https://pypi.org/simple" }
dependencies = [
    { name = "types-awscrt" },
]
sdist = { url = "https://files.pythonhosted.org/packages/05/45/27cabc7c3022dcb12de5098cc646b374065f5e72fae13600ff1756f365ee/botocore_stubs-1.38.46.tar.gz", hash = "sha256:a04e69766ab8bae338911c1897492f88d05cd489cd75f06e6eb4f135f9da8c7b", size = 42299, upload-time = "2025-06-29T22:58:24.765Z" }
wheels = [
    { url = "https://files.pythonhosted.org/packages/cc/84/06490071e26bab22ac79a684e98445df118adcf80c58c33ba5af184030f2/botocore_stubs-1.38.46-py3-none-any.whl", hash = "sha256:cc21d9a7dd994bdd90872db4664d817c4719b51cda8004fd507a4bf65b085a75", size = 66083, upload-time = "2025-06-29T22:58:22.234Z" },
]

[[package]]
name = "click"
version = "8.2.1"
source = { registry = "https://pypi.org/simple" }
dependencies = [
    { name = "colorama", marker = "sys_platform == 'win32'" },
]
sdist = { url = "https://files.pythonhosted.org/packages/60/6c/8ca2efa64cf75a977a0d7fac081354553ebe483345c734fb6b6515d96bbc/click-8.2.1.tar.gz", hash = "sha256:27c491cc05d968d271d5a1db13e3b5a184636d9d930f148c50b038f0d0646202", size = 286342, upload-time = "2025-05-20T23:19:49.832Z" }
wheels = [
    { url = "https://files.pythonhosted.org/packages/85/32/10bb5764d90a8eee674e9dc6f4db6a0ab47c8c4d0d83c27f7c39ac415a4d/click-8.2.1-py3-none-any.whl", hash = "sha256:61a3265b914e850b85317d0b3109c7f8cd35a670f963866005d6ef1d5175a12b", size = 102215, upload-time = "2025-05-20T23:19:47.796Z" },
]

[[package]]
name = "colorama"
version = "0.4.6"
source = { registry = "https://pypi.org/simple" }
sdist = { url = "https://files.pythonhosted.org/packages/d8/53/6f443c9a4a8358a93a6792e2acffb9d9d5cb0a5cfd8802644b7b1c9a02e4/colorama-0.4.6.tar.gz", hash = "sha256:08695f5cb7ed6e0531a20572697297273c47b8cae5a63ffc6d6ed5c201be6e44", size = 27697, upload-time = "2022-10-25T02:36:22.414Z" }
wheels = [
    { url = "https://files.pythonhosted.org/packages/d1/d6/3965ed04c63042e047cb6a3e6ed1a63a35087b6a609aa3a15ed8ac56c221/colorama-0.4.6-py2.py3-none-any.whl", hash = "sha256:4f1d9991f5acc0ca119f9d443620b77f9d6b33703e51011c16baf57afb285fc6", size = 25335, upload-time = "2022-10-25T02:36:20.889Z" },
]

[[package]]
name = "jmespath"
version = "1.0.1"
source = { registry = "https://pypi.org/simple" }
sdist = { url = "https://files.pythonhosted.org/packages/00/2a/e867e8531cf3e36b41201936b7fa7ba7b5702dbef42922193f05c8976cd6/jmespath-1.0.1.tar.gz", hash = "sha256:90261b206d6defd58fdd5e85f478bf633a2901798906be2ad389150c5c60edbe", size = 25843, upload-time = "2022-06-17T18:00:12.224Z" }
wheels = [
    { url = "https://files.pythonhosted.org/packages/31/b4/b9b800c45527aadd64d5b442f9b932b00648617eb5d63d2c7a6587b7cafc/jmespath-1.0.1-py3-none-any.whl", hash = "sha256:02e2e4cc71b5bcab88332eebf907519190dd9e6e82107fa7f83b1003a6252980", size = 20256, upload-time = "2022-06-17T18:00:10.251Z" },
]

[[package]]
name = "mypy-boto3-s3"
version = "1.39.0"
source = { registry = "https://pypi.org/simple" }
sdist = { url = "https://files.pythonhosted.org/packages/a2/c4/cfd1d3543f6e0da92871f53aeac0441923b04f05622f73f48c0fe9e75b58/mypy_boto3_s3-1.39.0.tar.gz", hash = "sha256:2b8ea493b99ea2801d42245298aa93b3452e58e052e95efae63f283c71fd0601", size = 74194, upload-time = "2025-06-30T19:47:57.329Z" }
wheels = [
    { url = "https://files.pythonhosted.org/packages/86/7b/c632104e06b34f77309aa475d3456bf377c2cc3218393e689bae94e30a2b/mypy_boto3_s3-1.39.0-py3-none-any.whl", hash = "sha256:75c3ccc06f1fe0b42172ac16cf5bebf3c8fdd9e33d297d532a7f5688e51882e4", size = 80900, upload-time = "2025-06-30T19:47:55.129Z" },
]

[[package]]
name = "python-dateutil"
version = "2.9.0.post0"
source = { registry = "https://pypi.org/simple" }
dependencies = [
    { name = "six" },
]
sdist = { url = "https://files.pythonhosted.org/packages/66/c0/0c8b6ad9f17a802ee498c46e004a0eb49bc148f2fd230864601a86dcf6db/python-dateutil-2.9.0.post0.tar.gz", hash = "sha256:37dd54208da7e1cd875388217d5e00ebd4179249f90fb72437e91a35459a0ad3", size = 342432, upload-time = "2024-03-01T18:36:20.211Z" }
wheels = [
    { url = "https://files.pythonhosted.org/packages/ec/57/56b9bcc3c9c6a792fcbaf139543cee77261f3651ca9da0c93f5c1221264b/python_dateutil-2.9.0.post0-py2.py3-none-any.whl", hash = "sha256:a8b2bc7bffae282281c8140a97d3aa9c14da0b136dfe83f850eea9a5f7470427", size = 229892, upload-time = "2024-03-01T18:36:18.57Z" },
]

[[package]]
name = "ruff"
version = "0.12.1"
source = { registry = "https://pypi.org/simple" }
sdist = { url = "https://files.pythonhosted.org/packages/97/38/796a101608a90494440856ccfb52b1edae90de0b817e76bfade66b12d320/ruff-0.12.1.tar.gz", hash = "sha256:806bbc17f1104fd57451a98a58df35388ee3ab422e029e8f5cf30aa4af2c138c", size = 4413426, upload-time = "2025-06-26T20:34:14.784Z" }
wheels = [
    { url = "https://files.pythonhosted.org/packages/06/bf/3dba52c1d12ab5e78d75bd78ad52fb85a6a1f29cc447c2423037b82bed0d/ruff-0.12.1-py3-none-linux_armv6l.whl", hash = "sha256:6013a46d865111e2edb71ad692fbb8262e6c172587a57c0669332a449384a36b", size = 10305649, upload-time = "2025-06-26T20:33:39.242Z" },
    { url = "https://files.pythonhosted.org/packages/8c/65/dab1ba90269bc8c81ce1d499a6517e28fe6f87b2119ec449257d0983cceb/ruff-0.12.1-py3-none-macosx_10_12_x86_64.whl", hash = "sha256:b3f75a19e03a4b0757d1412edb7f27cffb0c700365e9d6b60bc1b68d35bc89e0", size = 11120201, upload-time = "2025-06-26T20:33:42.207Z" },
    { url = "https://files.pythonhosted.org/packages/3f/3e/2d819ffda01defe857fa2dd4cba4d19109713df4034cc36f06bbf582d62a/ruff-0.12.1-py3-none-macosx_11_0_arm64.whl", hash = "sha256:9a256522893cb7e92bb1e1153283927f842dea2e48619c803243dccc8437b8be", size = 10466769, upload-time = "2025-06-26T20:33:44.102Z" },
    { url = "https://files.pythonhosted.org/packages/63/37/bde4cf84dbd7821c8de56ec4ccc2816bce8125684f7b9e22fe4ad92364de/ruff-0.12.1-py3-none-manylinux_2_17_aarch64.manylinux2014_aarch64.whl", hash = "sha256:069052605fe74c765a5b4272eb89880e0ff7a31e6c0dbf8767203c1fbd31c7ff", size = 10660902, upload-time = "2025-06-26T20:33:45.98Z" },
    { url = "https://files.pythonhosted.org/packages/0e/3a/390782a9ed1358c95e78ccc745eed1a9d657a537e5c4c4812fce06c8d1a0/ruff-0.12.1-py3-none-manylinux_2_17_armv7l.manylinux2014_armv7l.whl", hash = "sha256:a684f125a4fec2d5a6501a466be3841113ba6847827be4573fddf8308b83477d", size = 10167002, upload-time = "2025-06-26T20:33:47.81Z" },
    { url = "https://files.pythonhosted.org/packages/6d/05/f2d4c965009634830e97ffe733201ec59e4addc5b1c0efa035645baa9e5f/ruff-0.12.1-py3-none-manylinux_2_17_i686.manylinux2014_i686.whl", hash = "sha256:bdecdef753bf1e95797593007569d8e1697a54fca843d78f6862f7dc279e23bd", size = 11751522, upload-time = "2025-06-26T20:33:49.857Z" },
    { url = "https://files.pythonhosted.org/packages/35/4e/4bfc519b5fcd462233f82fc20ef8b1e5ecce476c283b355af92c0935d5d9/ruff-0.12.1-py3-none-manylinux_2_17_ppc64.manylinux2014_ppc64.whl", hash = "sha256:70d52a058c0e7b88b602f575d23596e89bd7d8196437a4148381a3f73fcd5010", size = 12520264, upload-time = "2025-06-26T20:33:52.199Z" },
    { url = "https://files.pythonhosted.org/packages/85/b2/7756a6925da236b3a31f234b4167397c3e5f91edb861028a631546bad719/ruff-0.12.1-py3-none-manylinux_2_17_ppc64le.manylinux2014_ppc64le.whl", hash = "sha256:84d0a69d1e8d716dfeab22d8d5e7c786b73f2106429a933cee51d7b09f861d4e", size = 12133882, upload-time = "2025-06-26T20:33:54.231Z" },
    { url = "https://files.pythonhosted.org/packages/dd/00/40da9c66d4a4d51291e619be6757fa65c91b92456ff4f01101593f3a1170/ruff-0.12.1-py3-none-manylinux_2_17_s390x.manylinux2014_s390x.whl", hash = "sha256:6cc32e863adcf9e71690248607ccdf25252eeeab5193768e6873b901fd441fed", size = 11608941, upload-time = "2025-06-26T20:33:56.202Z" },
    { url = "https://files.pythonhosted.org/packages/91/e7/f898391cc026a77fbe68dfea5940f8213622474cb848eb30215538a2dadf/ruff-0.12.1-py3-none-manylinux_2_17_x86_64.manylinux2014_x86_64.whl", hash = "sha256:7fd49a4619f90d5afc65cf42e07b6ae98bb454fd5029d03b306bd9e2273d44cc", size = 11602887, upload-time = "2025-06-26T20:33:58.47Z" },
    { url = "https://files.pythonhosted.org/packages/f6/02/0891872fc6aab8678084f4cf8826f85c5d2d24aa9114092139a38123f94b/ruff-0.12.1-py3-none-musllinux_1_2_aarch64.whl", hash = "sha256:ed5af6aaaea20710e77698e2055b9ff9b3494891e1b24d26c07055459bb717e9", size = 10521742, upload-time = "2025-06-26T20:34:00.465Z" },
    { url = "https://files.pythonhosted.org/packages/2a/98/d6534322c74a7d47b0f33b036b2498ccac99d8d8c40edadb552c038cecf1/ruff-0.12.1-py3-none-musllinux_1_2_armv7l.whl", hash = "sha256:801d626de15e6bf988fbe7ce59b303a914ff9c616d5866f8c79eb5012720ae13", size = 10149909, upload-time = "2025-06-26T20:34:02.603Z" },
    { url = "https://files.pythonhosted.org/packages/34/5c/9b7ba8c19a31e2b6bd5e31aa1e65b533208a30512f118805371dbbbdf6a9/ruff-0.12.1-py3-none-musllinux_1_2_i686.whl", hash = "sha256:2be9d32a147f98a1972c1e4df9a6956d612ca5f5578536814372113d09a27a6c", size = 11136005, upload-time = "2025-06-26T20:34:04.723Z" },
    { url = "https://files.pythonhosted.org/packages/dc/34/9bbefa4d0ff2c000e4e533f591499f6b834346025e11da97f4ded21cb23e/ruff-0.12.1-py3-none-musllinux_1_2_x86_64.whl", hash = "sha256:49b7ce354eed2a322fbaea80168c902de9504e6e174fd501e9447cad0232f9e6", size = 11648579, upload-time = "2025-06-26T20:34:06.766Z" },
    { url = "https://files.pythonhosted.org/packages/6f/1c/20cdb593783f8f411839ce749ec9ae9e4298c2b2079b40295c3e6e2089e1/ruff-0.12.1-py3-none-win32.whl", hash = "sha256:d973fa626d4c8267848755bd0414211a456e99e125dcab147f24daa9e991a245", size = 10519495, upload-time = "2025-06-26T20:34:08.718Z" },
    { url = "https://files.pythonhosted.org/packages/cf/56/7158bd8d3cf16394928f47c637d39a7d532268cd45220bdb6cd622985760/ruff-0.12.1-py3-none-win_amd64.whl", hash = "sha256:9e1123b1c033f77bd2590e4c1fe7e8ea72ef990a85d2484351d408224d603013", size = 11547485, upload-time = "2025-06-26T20:34:11.008Z" },
    { url = "https://files.pythonhosted.org/packages/91/d0/6902c0d017259439d6fd2fd9393cea1cfe30169940118b007d5e0ea7e954/ruff-0.12.1-py3-none-win_arm64.whl", hash = "sha256:78ad09a022c64c13cc6077707f036bab0fac8cd7088772dcd1e5be21c5002efc", size = 10691209, upload-time = "2025-06-26T20:34:12.928Z" },
]

[[package]]
name = "s3transfer"
version = "0.13.0"
source = { registry = "https://pypi.org/simple" }
dependencies = [
    { name = "botocore" },
]
sdist = { url = "https://files.pythonhosted.org/packages/ed/5d/9dcc100abc6711e8247af5aa561fc07c4a046f72f659c3adea9a449e191a/s3transfer-0.13.0.tar.gz", hash = "sha256:f5e6db74eb7776a37208001113ea7aa97695368242b364d73e91c981ac522177", size = 150232, upload-time = "2025-05-22T19:24:50.245Z" }
wheels = [
    { url = "https://files.pythonhosted.org/packages/18/17/22bf8155aa0ea2305eefa3a6402e040df7ebe512d1310165eda1e233c3f8/s3transfer-0.13.0-py3-none-any.whl", hash = "sha256:0148ef34d6dd964d0d8cf4311b2b21c474693e57c2e069ec708ce043d2b527be", size = 85152, upload-time = "2025-05-22T19:24:48.703Z" },
]

[[package]]
name = "six"
version = "1.17.0"
source = { registry = "https://pypi.org/simple" }
sdist = { url = "https://files.pythonhosted.org/packages/94/e7/b2c673351809dca68a0e064b6af791aa332cf192da575fd474ed7d6f16a2/six-1.17.0.tar.gz", hash = "sha256:ff70335d468e7eb6ec65b95b99d3a2836546063f63acc5171de367e834932a81", size = 34031, upload-time = "2024-12-04T17:35:28.174Z" }
wheels = [
    { url = "https://files.pythonhosted.org/packages/b7/ce/149a00dd41f10bc29e5921b496af8b574d8413afcd5e30dfa0ed46c2cc5e/six-1.17.0-py2.py3-none-any.whl", hash = "sha256:4721f391ed90541fddacab5acf947aa0d3dc7d27b2e1e8eda2be8970586c3274", size = 11050, upload-time = "2024-12-04T17:35:26.475Z" },
]

[[package]]
name = "types-awscrt"
version = "0.27.4"
source = { registry = "https://pypi.org/simple" }
sdist = { url = "https://files.pythonhosted.org/packages/94/95/02564024f8668feab6733a2c491005b5281b048b3d0573510622cbcd9fd4/types_awscrt-0.27.4.tar.gz", hash = "sha256:c019ba91a097e8a31d6948f6176ede1312963f41cdcacf82482ac877cbbcf390", size = 16941, upload-time = "2025-06-29T22:58:04.756Z" }
wheels = [
    { url = "https://files.pythonhosted.org/packages/d4/40/cb4d04df4ac3520858f5b397a4ab89f34be2601000002a26edd8ddc0cac5/types_awscrt-0.27.4-py3-none-any.whl", hash = "sha256:a8c4b9d9ae66d616755c322aba75ab9bd793c6fef448917e6de2e8b8cdf66fb4", size = 39626, upload-time = "2025-06-29T22:58:03.157Z" },
]

[[package]]
name = "types-s3transfer"
version = "0.13.0"
source = { registry = "https://pypi.org/simple" }
sdist = { url = "https://files.pythonhosted.org/packages/42/c1/45038f259d6741c252801044e184fec4dbaeff939a58f6160d7c32bf4975/types_s3transfer-0.13.0.tar.gz", hash = "sha256:203dadcb9865c2f68fb44bc0440e1dc05b79197ba4a641c0976c26c9af75ef52", size = 14175, upload-time = "2025-05-28T02:16:07.614Z" }
wheels = [
    { url = "https://files.pythonhosted.org/packages/c8/5d/6bbe4bf6a79fb727945291aef88b5ecbdba857a603f1bbcf1a6be0d3f442/types_s3transfer-0.13.0-py3-none-any.whl", hash = "sha256:79c8375cbf48a64bff7654c02df1ec4b20d74f8c5672fc13e382f593ca5565b3", size = 19588, upload-time = "2025-05-28T02:16:06.709Z" },
]

[[package]]
name = "urllib3"
version = "2.5.0"
source = { registry = "https://pypi.org/simple" }
sdist = { url = "https://files.pythonhosted.org/packages/15/22/9ee70a2574a4f4599c47dd506532914ce044817c7752a79b6a51286319bc/urllib3-2.5.0.tar.gz", hash = "sha256:3fc47733c7e419d4bc3f6b3dc2b4f890bb743906a30d56ba4a5bfa4bbff92760", size = 393185, upload-time = "2025-06-18T14:07:41.644Z" }
wheels = [
    { url = "https://files.pythonhosted.org/packages/a7/c2/fe1e52489ae3122415c51f387e221dd0773709bad6c6cdaa599e8a2c5185/urllib3-2.5.0-py3-none-any.whl", hash = "sha256:e6b01673c0fa6a13e374b50871808eb3bf7046c4b125b216f6bf1cc604cff0dc", size = 129795, upload-time = "2025-06-18T14:07:40.39Z" },
]

[[package]]
name = "uv"
version = "0.7.18"
source = { registry = "https://pypi.org/simple" }
sdist = { url = "https://files.pythonhosted.org/packages/44/45/6c5164f430ad323e14b1b925f04d34f0af67f1c5442a29284dd819c1a60c/uv-0.7.18.tar.gz", hash = "sha256:1e57e02890ffbf82c2bbb3ddb865c63367829c213ebaecaa4d8c5ac7b6b942e6", size = 3354464, upload-time = "2025-07-01T20:54:41.403Z" }
wheels = [
    { url = "https://files.pythonhosted.org/packages/1c/20/5402288b7a813875a97f33fffc0b77cdb5149ba03e976fed695f012fa3c4/uv-0.7.18-py3-none-linux_armv6l.whl", hash = "sha256:607a99fc55609156440f34287e957a622d811e71de23884fc4966949390f2a62", size = 17601252, upload-time = "2025-07-01T20:53:57.791Z" },
    { url = "https://files.pythonhosted.org/packages/70/cf/7a6902c53eef16ab593388ba8c649ea4bdd61dc6314f13c9d293041c8bb8/uv-0.7.18-py3-none-macosx_10_12_x86_64.whl", hash = "sha256:aa0a1d56c06e3c98019ae235df45a24703078616e9ffddd93dbab2eff3f408fd", size = 17695222, upload-time = "2025-07-01T20:54:01.913Z" },
    { url = "https://files.pythonhosted.org/packages/64/b5/1a109e50123e9c9e1bf921684ceba28e1bc915e49f29bdb5780f3e7ad0e7/uv-0.7.18-py3-none-macosx_11_0_arm64.whl", hash = "sha256:86a39aebb8c038002b16c62a2d570039c6b5f35831cb15b712a9b6634935e180", size = 16360834, upload-time = "2025-07-01T20:54:04.194Z" },
    { url = "https://files.pythonhosted.org/packages/1f/e1/4e6e49ea4d49b723768c251dd24582ca5c759d62dd7a01963b653318595c/uv-0.7.18-py3-none-manylinux_2_17_aarch64.manylinux2014_aarch64.musllinux_1_1_aarch64.whl", hash = "sha256:03821f7eb7e513177fc1ce300b29a4d95957269a904c8156fd39b5c78896f2d0", size = 16931040, upload-time = "2025-07-01T20:54:06.55Z" },
    { url = "https://files.pythonhosted.org/packages/22/ac/77ad4cfe39797fd3b5721b079d69fa78fb407c1d9b2f2f72dffcae2f3d09/uv-0.7.18-py3-none-manylinux_2_17_armv7l.manylinux2014_armv7l.whl", hash = "sha256:aaadfa28ed9e2aa148315dd597adb9e402a83aa2b7f17d61b869d83ed69d26ec", size = 17305746, upload-time = "2025-07-01T20:54:08.59Z" },
    { url = "https://files.pythonhosted.org/packages/03/2d/8d9458393bbd2dd5d0b0c51750a6425248f21dde5134e72ea12b9674584e/uv-0.7.18-py3-none-manylinux_2_17_i686.manylinux2014_i686.whl", hash = "sha256:c305ce11f412b4acc8c2ab4dbc8907057b6f56eabb5bd9a48792cd63bb2a3764", size = 18009362, upload-time = "2025-07-01T20:54:10.813Z" },
    { url = "https://files.pythonhosted.org/packages/d2/78/a0b9d1ad55dc0b6832cf5bd500c5454d4983ac354701b262f7593adf218b/uv-0.7.18-py3-none-manylinux_2_17_ppc64.manylinux2014_ppc64.whl", hash = "sha256:7535f06c2723e0a5188f3ed317411da31281c6dc69f56aa15616fad91f145f90", size = 19157201, upload-time = "2025-07-01T20:54:13.677Z" },
    { url = "https://files.pythonhosted.org/packages/db/5a/5cbd9fcef046bd7161d403d9a0e20b7dd2b5241bb51151f861349999f3bf/uv-0.7.18-py3-none-manylinux_2_17_ppc64le.manylinux2014_ppc64le.whl", hash = "sha256:e2b8ec0cf3bb792ca6b16934b28dc995f306f762d520e655309ed04196acd5f0", size = 18998522, upload-time = "2025-07-01T20:54:16.124Z" },
    { url = "https://files.pythonhosted.org/packages/39/9e/0473e7b48337bdc8939597566b840677875bc6dd82f341374d6e61563c73/uv-0.7.18-py3-none-manylinux_2_17_s390x.manylinux2014_s390x.whl", hash = "sha256:0bd0923c691880070d600cd703a34495deef28cdd86103405797e817ef875354", size = 18512457, upload-time = "2025-07-01T20:54:18.214Z" },
    { url = "https://files.pythonhosted.org/packages/7c/d1/f7ccbed41adffebf6895eb164faaca367442866d631d773788982b68f6b6/uv-0.7.18-py3-none-manylinux_2_17_x86_64.manylinux2014_x86_64.whl", hash = "sha256:2b64aca9f0e9d1d59450aa760018ab26abbbe75f3b124f6bd4622f757d877bc1", size = 18391197, upload-time = "2025-07-01T20:54:22.505Z" },
    { url = "https://files.pythonhosted.org/packages/1e/7f/f94c2bed688962086761ef6c8c3624f2aa1e40a9d8285eb94764812edcb7/uv-0.7.18-py3-none-manylinux_2_28_aarch64.whl", hash = "sha256:ed0511136cb5719ba724ebc59e7a8ead7a885cc580e931f18c074966663ffe5f", size = 17178279, upload-time = "2025-07-01T20:54:24.469Z" },
    { url = "https://files.pythonhosted.org/packages/0e/9d/4bb52548e95132ae5361b097bf0fbb296c1f10cf02c87d94ecbcbe6d8dee/uv-0.7.18-py3-none-musllinux_1_1_armv7l.whl", hash = "sha256:6f3b420f8c5260eb10e1dd294a6023a6f028022faf0e02be9b5eaa4d2eddce07", size = 17255919, upload-time = "2025-07-01T20:54:27.187Z" },
    { url = "https://files.pythonhosted.org/packages/7d/d2/f70237b8d35aa9ba9138edf7d2c7e3c9a2a05cc0af5bf5624eab086c5ba2/uv-0.7.18-py3-none-musllinux_1_1_i686.whl", hash = "sha256:1882b93ebd7344caf4ccc574c6e9d29703f081cb45c2b0ff58e795b420bfc2cc", size = 17591501, upload-time = "2025-07-01T20:54:29.468Z" },
    { url = "https://files.pythonhosted.org/packages/4f/cf/ab551dc9552cd98e3d3577bcfb13042056e654d044e5229e23149b3aef89/uv-0.7.18-py3-none-musllinux_1_1_x86_64.whl", hash = "sha256:d516b678824f1fc721d0ae48df405550ddd96a2aec3be97705fce388fb10b7a8", size = 18504700, upload-time = "2025-07-01T20:54:33.02Z" },
    { url = "https://files.pythonhosted.org/packages/f6/97/149982b7bf8ce9e4012e687ea2f883deab1cde740a1155f5e599c76c9a13/uv-0.7.18-py3-none-win32.whl", hash = "sha256:4b4c888d474e320bddcf04b15019955efac2b2c120100c06f526e8322107e2c9", size = 17543255, upload-time = "2025-07-01T20:54:35.138Z" },
    { url = "https://files.pythonhosted.org/packages/c8/4c/22a95c512af9c157db42179d8b7cc8d90170dac0843db279ea7b2cddb385/uv-0.7.18-py3-none-win_amd64.whl", hash = "sha256:62f5abfceba61fae6ff2a563ba330aeb269a642f98aab8debedfc1a0b2f5e877", size = 19379616, upload-time = "2025-07-01T20:54:37.179Z" },
    { url = "https://files.pythonhosted.org/packages/c3/bf/8dec04a53b6566cd1a04facc4fb6a1e8e31b8965391ca473bde8ff751a04/uv-0.7.18-py3-none-win_arm64.whl", hash = "sha256:9435e6f8c22745219f56a1107f082ac5e7f5dd265320456b07a43756171e76d8", size = 17928730, upload-time = "2025-07-01T20:54:39.291Z" },
]
