# This is a Gradle generated file for dependency locking.
# Manual edits can break the build and are not advised.
# This file is expected to be part of source control.
biz.aQute.bnd:biz.aQute.bnd.annotation:7.1.0=compileClasspath,testCompileClasspath
ch.qos.logback:logback-classic:1.5.36=compileClasspath,runtimeClasspath,testCompileClasspath,testRuntimeClasspath
ch.qos.logback:logback-core:1.5.36=compileClasspath,runtimeClasspath,testCompileClasspath,testRuntimeClasspath
com.fasterxml.jackson.core:jackson-annotations:2.21=compileClasspath,runtimeClasspath,testCompileClasspath,testRuntimeClasspath
com.fasterxml.jackson.core:jackson-core:2.21.4=compileClasspath,runtimeClasspath,testCompileClasspath,testRuntimeClasspath
com.fasterxml.jackson.core:jackson-databind:2.21.4=compileClasspath,runtimeClasspath,testCompileClasspath,testRuntimeClasspath
com.fasterxml.jackson.datatype:jackson-datatype-jdk8:2.21.4=runtimeClasspath,testRuntimeClasspath
com.fasterxml.jackson.datatype:jackson-datatype-jsr310:2.21.4=runtimeClasspath,testRuntimeClasspath
com.fasterxml.jackson.module:jackson-module-parameter-names:2.21.4=runtimeClasspath,testRuntimeClasspath
com.fasterxml.jackson:jackson-bom:2.21.4=compileClasspath,runtimeClasspath,testCompileClasspath,testRuntimeClasspath
com.fasterxml:classmate:1.7.3=runtimeClasspath,testRuntimeClasspath
com.github.docker-java:docker-java-api:3.7.1=testCompileClasspath,testRuntimeClasspath
com.github.docker-java:docker-java-transport-zerodep:3.7.1=testCompileClasspath,testRuntimeClasspath
com.github.docker-java:docker-java-transport:3.7.1=testCompileClasspath,testRuntimeClasspath
com.google.code.findbugs:jsr305:3.0.2=checkstyle
com.google.code.gson:gson:2.13.2=runtimeClasspath,testRuntimeClasspath
com.google.errorprone:error_prone_annotations:2.36.0=checkstyle
com.google.errorprone:error_prone_annotations:2.38.0=compileClasspath,testCompileClasspath
com.google.errorprone:error_prone_annotations:2.41.0=runtimeClasspath,testRuntimeClasspath
com.google.guava:failureaccess:1.0.3=checkstyle
com.google.guava:guava:33.4.8-jre=checkstyle
com.google.guava:listenablefuture:9999.0-empty-to-avoid-conflict-with-guava=checkstyle
com.google.j2objc:j2objc-annotations:3.0.0=checkstyle
com.jayway.jsonpath:json-path:2.10.0=testCompileClasspath,testRuntimeClasspath
com.puppycrawl.tools:checkstyle:10.24.0=checkstyle
com.slack.api:slack-api-client:1.35.0=runtimeClasspath,testRuntimeClasspath
com.slack.api:slack-api-model:1.35.0=runtimeClasspath,testRuntimeClasspath
com.squareup.okhttp3:okhttp:4.12.0=runtimeClasspath,testRuntimeClasspath
com.squareup.okio:okio-jvm:3.6.0=runtimeClasspath,testRuntimeClasspath
com.squareup.okio:okio:3.6.0=runtimeClasspath,testRuntimeClasspath
com.sun.istack:istack-commons-runtime:4.1.2=runtimeClasspath,testRuntimeClasspath
com.vaadin.external.google:android-json:0.0.20131108.vaadin1=testCompileClasspath,testRuntimeClasspath
com.zaxxer:HikariCP:7.0.2=runtimeClasspath,testRuntimeClasspath
commons-beanutils:commons-beanutils:1.11.0=checkstyle
commons-codec:commons-codec:1.11=checkstyle
commons-codec:commons-codec:1.19.0=runtimeClasspath,testCompileClasspath,testRuntimeClasspath
commons-collections:commons-collections:3.2.2=checkstyle
commons-io:commons-io:2.20.0=testCompileClasspath,testRuntimeClasspath
commons-logging:commons-logging:1.3.6=compileClasspath,runtimeClasspath,testCompileClasspath,testRuntimeClasspath
info.picocli:picocli:4.7.7=checkstyle
io.awspring.cloud:spring-cloud-aws-autoconfigure:4.0.2=compileClasspath,runtimeClasspath,testCompileClasspath,testRuntimeClasspath
io.awspring.cloud:spring-cloud-aws-core:4.0.2=compileClasspath,runtimeClasspath,testCompileClasspath,testRuntimeClasspath
io.awspring.cloud:spring-cloud-aws-dependencies:4.0.2=runtimeClasspath,testRuntimeClasspath
io.awspring.cloud:spring-cloud-aws-sns:4.0.2=compileClasspath,runtimeClasspath,testCompileClasspath,testRuntimeClasspath
io.awspring.cloud:spring-cloud-aws-sqs:4.0.2=runtimeClasspath,testRuntimeClasspath
io.awspring.cloud:spring-cloud-aws-starter-sns:4.0.2=compileClasspath,runtimeClasspath,testCompileClasspath,testRuntimeClasspath
io.awspring.cloud:spring-cloud-aws-starter-sqs:4.0.2=runtimeClasspath,testRuntimeClasspath
io.awspring.cloud:spring-cloud-aws-starter:4.0.2=compileClasspath,runtimeClasspath,testCompileClasspath,testRuntimeClasspath
io.micrometer:context-propagation:1.2.1=runtimeClasspath,testRuntimeClasspath
io.micrometer:micrometer-commons:1.16.6=compileClasspath,runtimeClasspath,testCompileClasspath,testRuntimeClasspath
io.micrometer:micrometer-observation:1.16.6=compileClasspath,runtimeClasspath,testCompileClasspath,testRuntimeClasspath
io.netty:netty-buffer:4.2.15.Final=runtimeClasspath,testRuntimeClasspath
io.netty:netty-codec-base:4.2.15.Final=runtimeClasspath,testRuntimeClasspath
io.netty:netty-codec-compression:4.2.15.Final=runtimeClasspath,testRuntimeClasspath
io.netty:netty-codec-http2:4.2.15.Final=runtimeClasspath,testRuntimeClasspath
io.netty:netty-codec-http:4.2.15.Final=runtimeClasspath,testRuntimeClasspath
io.netty:netty-codec-marshalling:4.2.15.Final=runtimeClasspath,testRuntimeClasspath
io.netty:netty-codec-protobuf:4.2.15.Final=runtimeClasspath,testRuntimeClasspath
io.netty:netty-codec:4.2.15.Final=runtimeClasspath,testRuntimeClasspath
io.netty:netty-common:4.2.15.Final=runtimeClasspath,testRuntimeClasspath
io.netty:netty-handler:4.2.15.Final=runtimeClasspath,testRuntimeClasspath
io.netty:netty-resolver:4.2.15.Final=runtimeClasspath,testRuntimeClasspath
io.netty:netty-transport-classes-epoll:4.2.15.Final=runtimeClasspath,testRuntimeClasspath
io.netty:netty-transport-native-unix-common:4.2.15.Final=runtimeClasspath,testRuntimeClasspath
io.netty:netty-transport:4.2.15.Final=runtimeClasspath,testRuntimeClasspath
jakarta.activation:jakarta.activation-api:2.1.4=runtimeClasspath,testCompileClasspath,testRuntimeClasspath
jakarta.annotation:jakarta.annotation-api:3.0.0=compileClasspath,runtimeClasspath,testCompileClasspath,testRuntimeClasspath
jakarta.inject:jakarta.inject-api:2.0.1=runtimeClasspath,testRuntimeClasspath
jakarta.persistence:jakarta.persistence-api:3.2.0=runtimeClasspath,testRuntimeClasspath
jakarta.transaction:jakarta.transaction-api:2.0.1=runtimeClasspath,testRuntimeClasspath
jakarta.xml.bind:jakarta.xml.bind-api:4.0.5=runtimeClasspath,testCompileClasspath,testRuntimeClasspath
net.bytebuddy:byte-buddy-agent:1.17.8=testCompileClasspath,testRuntimeClasspath
net.bytebuddy:byte-buddy:1.17.8=runtimeClasspath
net.bytebuddy:byte-buddy:1.18.3=testCompileClasspath,testRuntimeClasspath
net.java.dev.jna:jna:5.18.1=testCompileClasspath,testRuntimeClasspath
net.minidev:accessors-smart:2.6.0=testCompileClasspath,testRuntimeClasspath
net.minidev:json-smart:2.6.0=testCompileClasspath,testRuntimeClasspath
net.sf.saxon:Saxon-HE:12.5=checkstyle
org.antlr:antlr4-runtime:4.13.2=checkstyle,runtimeClasspath,testRuntimeClasspath
org.apache.commons:commons-compress:1.28.0=testCompileClasspath,testRuntimeClasspath
org.apache.commons:commons-lang3:3.18.0=checkstyle,testCompileClasspath,testRuntimeClasspath
org.apache.commons:commons-text:1.3=checkstyle
org.apache.httpcomponents.client5:httpclient5:5.6.1=checkstyle,compileClasspath,runtimeClasspath,testCompileClasspath,testRuntimeClasspath
org.apache.httpcomponents.core5:httpcore5-h2:5.4.2=checkstyle,compileClasspath,runtimeClasspath,testCompileClasspath,testRuntimeClasspath
org.apache.httpcomponents.core5:httpcore5:5.4.2=checkstyle,compileClasspath,runtimeClasspath,testCompileClasspath,testRuntimeClasspath
org.apache.httpcomponents:httpclient:4.5.13=checkstyle,runtimeClasspath,testRuntimeClasspath
org.apache.httpcomponents:httpcore:4.4.14=checkstyle
org.apache.httpcomponents:httpcore:4.4.16=runtimeClasspath,testRuntimeClasspath
org.apache.logging.log4j:log4j-api:2.25.4=compileClasspath,runtimeClasspath,testCompileClasspath,testRuntimeClasspath
org.apache.logging.log4j:log4j-to-slf4j:2.25.4=compileClasspath,runtimeClasspath,testCompileClasspath,testRuntimeClasspath
org.apache.maven.doxia:doxia-core:1.12.0=checkstyle
org.apache.maven.doxia:doxia-logging-api:1.12.0=checkstyle
org.apache.maven.doxia:doxia-module-xdoc:1.12.0=checkstyle
org.apache.maven.doxia:doxia-sink-api:1.12.0=checkstyle
org.apache.tomcat.embed:tomcat-embed-core:11.0.23=runtimeClasspath,testRuntimeClasspath
org.apache.tomcat.embed:tomcat-embed-el:11.0.23=runtimeClasspath,testRuntimeClasspath
org.apache.tomcat.embed:tomcat-embed-websocket:11.0.23=runtimeClasspath,testRuntimeClasspath
org.apache.xbean:xbean-reflect:3.7=checkstyle
org.apiguardian:apiguardian-api:1.1.2=testCompileClasspath
org.aspectj:aspectjweaver:1.9.25.1=runtimeClasspath,testRuntimeClasspath
org.assertj:assertj-core:3.27.7=testCompileClasspath,testRuntimeClasspath
org.awaitility:awaitility:4.3.0=testCompileClasspath,testRuntimeClasspath
org.checkerframework:checker-qual:3.49.3=checkstyle
org.codehaus.plexus:plexus-classworlds:2.6.0=checkstyle
org.codehaus.plexus:plexus-component-annotations:2.1.0=checkstyle
org.codehaus.plexus:plexus-container-default:2.1.0=checkstyle
org.codehaus.plexus:plexus-utils:3.3.0=checkstyle
org.eclipse.angus:angus-activation:2.0.3=runtimeClasspath,testRuntimeClasspath
org.glassfish.jaxb:jaxb-core:4.0.9=runtimeClasspath,testRuntimeClasspath
org.glassfish.jaxb:jaxb-runtime:4.0.9=runtimeClasspath,testRuntimeClasspath
org.glassfish.jaxb:txw2:4.0.9=runtimeClasspath,testRuntimeClasspath
org.hamcrest:hamcrest:3.0=testCompileClasspath,testRuntimeClasspath
org.hibernate.models:hibernate-models:1.0.1=runtimeClasspath,testRuntimeClasspath
org.hibernate.orm:hibernate-core:7.2.19.Final=runtimeClasspath,testRuntimeClasspath
org.jacoco:org.jacoco.agent:0.8.13=jacocoAgent,jacocoAnt
org.jacoco:org.jacoco.ant:0.8.13=jacocoAnt
org.jacoco:org.jacoco.core:0.8.13=jacocoAnt
org.jacoco:org.jacoco.report:0.8.13=jacocoAnt
org.javassist:javassist:3.28.0-GA=checkstyle
org.jboss.logging:jboss-logging:3.6.3.Final=runtimeClasspath,testRuntimeClasspath
org.jetbrains.kotlin:kotlin-stdlib-common:2.2.21=runtimeClasspath,testRuntimeClasspath
org.jetbrains.kotlin:kotlin-stdlib-jdk7:2.2.21=runtimeClasspath,testRuntimeClasspath
org.jetbrains.kotlin:kotlin-stdlib-jdk8:2.2.21=runtimeClasspath,testRuntimeClasspath
org.jetbrains.kotlin:kotlin-stdlib:2.2.21=runtimeClasspath,testRuntimeClasspath
org.jetbrains:annotations:13.0=runtimeClasspath
org.jetbrains:annotations:17.0.0=testCompileClasspath,testRuntimeClasspath
org.jspecify:jspecify:1.0.0=checkstyle,compileClasspath,runtimeClasspath,testCompileClasspath,testRuntimeClasspath
org.junit.jupiter:junit-jupiter-api:6.0.3=testCompileClasspath,testRuntimeClasspath
org.junit.jupiter:junit-jupiter-engine:6.0.3=testRuntimeClasspath
org.junit.jupiter:junit-jupiter-params:6.0.3=testCompileClasspath,testRuntimeClasspath
org.junit.jupiter:junit-jupiter:6.0.3=testCompileClasspath,testRuntimeClasspath
org.junit.platform:junit-platform-commons:6.0.3=testCompileClasspath,testRuntimeClasspath
org.junit.platform:junit-platform-engine:6.0.3=testRuntimeClasspath
org.junit.platform:junit-platform-launcher:6.0.3=testRuntimeClasspath
org.junit:junit-bom:6.0.3=testCompileClasspath,testRuntimeClasspath
org.liquibase:liquibase-core:5.0.3=compileClasspath,runtimeClasspath,testCompileClasspath,testRuntimeClasspath
org.mockito:mockito-core:5.20.0=testCompileClasspath,testRuntimeClasspath
org.mockito:mockito-inline:5.2.0=testCompileClasspath,testRuntimeClasspath
org.mockito:mockito-junit-jupiter:5.20.0=testCompileClasspath,testRuntimeClasspath
org.objenesis:objenesis:3.3=testRuntimeClasspath
org.opentest4j:opentest4j:1.3.0=testCompileClasspath,testRuntimeClasspath
org.osgi:org.osgi.annotation.bundle:2.0.0=compileClasspath,testCompileClasspath
org.osgi:org.osgi.annotation.versioning:1.1.2=compileClasspath,testCompileClasspath
org.osgi:org.osgi.resource:1.0.0=compileClasspath,testCompileClasspath
org.osgi:org.osgi.service.serviceloader:1.0.0=compileClasspath,testCompileClasspath
org.ow2.asm:asm-commons:9.8=jacocoAnt
org.ow2.asm:asm-tree:9.8=jacocoAnt
org.ow2.asm:asm:9.7.1=testCompileClasspath,testRuntimeClasspath
org.ow2.asm:asm:9.8=jacocoAnt
org.postgresql:postgresql:42.7.12=runtimeClasspath,testRuntimeClasspath
org.projectlombok:lombok:1.18.38=annotationProcessor,testAnnotationProcessor
org.projectlombok:lombok:1.18.46=compileClasspath,runtimeClasspath,testCompileClasspath,testRuntimeClasspath
org.reactivestreams:reactive-streams:1.0.4=compileClasspath,runtimeClasspath,testCompileClasspath,testRuntimeClasspath
org.reflections:reflections:0.10.2=checkstyle
org.rnorth.duct-tape:duct-tape:1.0.8=testCompileClasspath,testRuntimeClasspath
org.skyscreamer:jsonassert:1.5.3=testCompileClasspath,testRuntimeClasspath
org.slf4j:jul-to-slf4j:2.0.18=compileClasspath,runtimeClasspath,testCompileClasspath,testRuntimeClasspath
org.slf4j:slf4j-api:2.0.18=compileClasspath,runtimeClasspath,testCompileClasspath,testRuntimeClasspath
org.springframework.boot:spring-boot-autoconfigure:4.0.7=compileClasspath,runtimeClasspath,testCompileClasspath,testRuntimeClasspath
org.springframework.boot:spring-boot-data-commons:4.0.7=runtimeClasspath,testRuntimeClasspath
org.springframework.boot:spring-boot-data-jpa:4.0.7=runtimeClasspath,testRuntimeClasspath
org.springframework.boot:spring-boot-dependencies:4.0.7=compileClasspath,runtimeClasspath,testCompileClasspath,testRuntimeClasspath
org.springframework.boot:spring-boot-hibernate:4.0.7=runtimeClasspath,testRuntimeClasspath
org.springframework.boot:spring-boot-http-converter:4.0.7=runtimeClasspath,testRuntimeClasspath
org.springframework.boot:spring-boot-jackson:4.0.7=runtimeClasspath,testRuntimeClasspath
org.springframework.boot:spring-boot-jdbc:4.0.7=runtimeClasspath,testRuntimeClasspath
org.springframework.boot:spring-boot-jpa:4.0.7=runtimeClasspath,testRuntimeClasspath
org.springframework.boot:spring-boot-persistence:4.0.7=runtimeClasspath,testRuntimeClasspath
org.springframework.boot:spring-boot-servlet:4.0.7=runtimeClasspath,testRuntimeClasspath
org.springframework.boot:spring-boot-sql:4.0.7=runtimeClasspath,testRuntimeClasspath
org.springframework.boot:spring-boot-starter-data-jpa:4.0.7=runtimeClasspath,testRuntimeClasspath
org.springframework.boot:spring-boot-starter-jackson:4.0.7=runtimeClasspath,testRuntimeClasspath
org.springframework.boot:spring-boot-starter-jdbc:4.0.7=runtimeClasspath,testRuntimeClasspath
org.springframework.boot:spring-boot-starter-logging:4.0.7=compileClasspath,runtimeClasspath,testCompileClasspath,testRuntimeClasspath
org.springframework.boot:spring-boot-starter-test:4.0.7=testCompileClasspath,testRuntimeClasspath
org.springframework.boot:spring-boot-starter-tomcat-runtime:4.0.7=runtimeClasspath,testRuntimeClasspath
org.springframework.boot:spring-boot-starter-tomcat:4.0.7=runtimeClasspath,testRuntimeClasspath
org.springframework.boot:spring-boot-starter-web:4.0.7=runtimeClasspath,testRuntimeClasspath
org.springframework.boot:spring-boot-starter:4.0.7=compileClasspath,runtimeClasspath,testCompileClasspath,testRuntimeClasspath
org.springframework.boot:spring-boot-test-autoconfigure:4.0.7=testCompileClasspath,testRuntimeClasspath
org.springframework.boot:spring-boot-test:4.0.7=testCompileClasspath,testRuntimeClasspath
org.springframework.boot:spring-boot-tomcat:4.0.7=runtimeClasspath,testRuntimeClasspath
org.springframework.boot:spring-boot-transaction:4.0.7=runtimeClasspath,testRuntimeClasspath
org.springframework.boot:spring-boot-web-server:4.0.7=runtimeClasspath,testRuntimeClasspath
org.springframework.boot:spring-boot-webmvc:4.0.7=runtimeClasspath,testRuntimeClasspath
org.springframework.boot:spring-boot:4.0.7=compileClasspath,runtimeClasspath,testCompileClasspath,testRuntimeClasspath
org.springframework.data:spring-data-commons:4.0.6=runtimeClasspath,testRuntimeClasspath
org.springframework.data:spring-data-jpa:4.0.6=runtimeClasspath,testRuntimeClasspath
org.springframework.retry:spring-retry:2.0.13=runtimeClasspath,testRuntimeClasspath
org.springframework:spring-aop:7.0.8=compileClasspath,runtimeClasspath,testCompileClasspath,testRuntimeClasspath
org.springframework:spring-aspects:7.0.8=runtimeClasspath,testRuntimeClasspath
org.springframework:spring-beans:7.0.8=compileClasspath,runtimeClasspath,testCompileClasspath,testRuntimeClasspath
org.springframework:spring-context:7.0.8=compileClasspath,runtimeClasspath,testCompileClasspath,testRuntimeClasspath
org.springframework:spring-core:7.0.8=compileClasspath,runtimeClasspath,testCompileClasspath,testRuntimeClasspath
org.springframework:spring-expression:7.0.8=compileClasspath,runtimeClasspath,testCompileClasspath,testRuntimeClasspath
org.springframework:spring-jdbc:7.0.8=runtimeClasspath,testRuntimeClasspath
org.springframework:spring-messaging:7.0.8=compileClasspath,runtimeClasspath,testCompileClasspath,testRuntimeClasspath
org.springframework:spring-orm:7.0.8=runtimeClasspath,testRuntimeClasspath
org.springframework:spring-test:7.0.8=testCompileClasspath,testRuntimeClasspath
org.springframework:spring-tx:7.0.8=runtimeClasspath,testRuntimeClasspath
org.springframework:spring-web:7.0.8=runtimeClasspath,testRuntimeClasspath
org.springframework:spring-webmvc:7.0.8=runtimeClasspath,testRuntimeClasspath
org.testcontainers:junit-jupiter:1.21.4=compileClasspath,runtimeClasspath,testCompileClasspath,testRuntimeClasspath
org.testcontainers:localstack:1.21.4=compileClasspath,runtimeClasspath,testCompileClasspath,testRuntimeClasspath
org.testcontainers:postgresql:1.21.4=compileClasspath,runtimeClasspath,testCompileClasspath,testRuntimeClasspath
org.testcontainers:testcontainers:2.0.5=compileClasspath,runtimeClasspath,testCompileClasspath,testRuntimeClasspath
org.xmlresolver:xmlresolver:5.2.2=checkstyle
org.xmlunit:xmlunit-core:2.10.4=testCompileClasspath,testRuntimeClasspath
org.yaml:snakeyaml:2.5=compileClasspath,runtimeClasspath,testCompileClasspath,testRuntimeClasspath
software.amazon.awssdk:annotations:2.42.36=compileClasspath,runtimeClasspath,testCompileClasspath,testRuntimeClasspath
software.amazon.awssdk:apache-client:2.42.36=runtimeClasspath,testRuntimeClasspath
software.amazon.awssdk:apache5-client:2.42.36=runtimeClasspath,testRuntimeClasspath
software.amazon.awssdk:arns:2.42.36=compileClasspath,runtimeClasspath,testCompileClasspath,testRuntimeClasspath
software.amazon.awssdk:auth:2.42.36=compileClasspath,runtimeClasspath,testCompileClasspath,testRuntimeClasspath
software.amazon.awssdk:aws-core:2.42.36=compileClasspath,runtimeClasspath,testCompileClasspath,testRuntimeClasspath
software.amazon.awssdk:aws-json-protocol:2.42.36=runtimeClasspath,testRuntimeClasspath
software.amazon.awssdk:aws-query-protocol:2.42.36=compileClasspath,runtimeClasspath,testCompileClasspath,testRuntimeClasspath
software.amazon.awssdk:checksums-spi:2.42.36=compileClasspath,runtimeClasspath,testCompileClasspath,testRuntimeClasspath
software.amazon.awssdk:checksums:2.42.36=compileClasspath,runtimeClasspath,testCompileClasspath,testRuntimeClasspath
software.amazon.awssdk:endpoints-spi:2.42.36=compileClasspath,runtimeClasspath,testCompileClasspath,testRuntimeClasspath
software.amazon.awssdk:http-auth-aws-eventstream:2.42.36=compileClasspath,runtimeClasspath,testCompileClasspath,testRuntimeClasspath
software.amazon.awssdk:http-auth-aws:2.42.36=compileClasspath,runtimeClasspath,testCompileClasspath,testRuntimeClasspath
software.amazon.awssdk:http-auth-spi:2.42.36=compileClasspath,runtimeClasspath,testCompileClasspath,testRuntimeClasspath
software.amazon.awssdk:http-auth:2.42.36=compileClasspath,runtimeClasspath,testCompileClasspath,testRuntimeClasspath
software.amazon.awssdk:http-client-spi:2.42.36=compileClasspath,runtimeClasspath,testCompileClasspath,testRuntimeClasspath
software.amazon.awssdk:identity-spi:2.42.36=compileClasspath,runtimeClasspath,testCompileClasspath,testRuntimeClasspath
software.amazon.awssdk:json-utils:2.42.36=compileClasspath,runtimeClasspath,testCompileClasspath,testRuntimeClasspath
software.amazon.awssdk:metrics-spi:2.42.36=compileClasspath,runtimeClasspath,testCompileClasspath,testRuntimeClasspath
software.amazon.awssdk:netty-nio-client:2.42.36=runtimeClasspath,testRuntimeClasspath
software.amazon.awssdk:profiles:2.42.36=compileClasspath,runtimeClasspath,testCompileClasspath,testRuntimeClasspath
software.amazon.awssdk:protocol-core:2.42.36=compileClasspath,runtimeClasspath,testCompileClasspath,testRuntimeClasspath
software.amazon.awssdk:regions:2.42.36=compileClasspath,runtimeClasspath,testCompileClasspath,testRuntimeClasspath
software.amazon.awssdk:retries-spi:2.42.36=compileClasspath,runtimeClasspath,testCompileClasspath,testRuntimeClasspath
software.amazon.awssdk:retries:2.42.36=compileClasspath,runtimeClasspath,testCompileClasspath,testRuntimeClasspath
software.amazon.awssdk:sdk-core:2.42.36=compileClasspath,runtimeClasspath,testCompileClasspath,testRuntimeClasspath
software.amazon.awssdk:sns-message-manager:2.42.36=compileClasspath,runtimeClasspath,testCompileClasspath,testRuntimeClasspath
software.amazon.awssdk:sns:2.42.36=compileClasspath,runtimeClasspath,testCompileClasspath,testRuntimeClasspath
software.amazon.awssdk:sqs:2.42.36=runtimeClasspath,testRuntimeClasspath
software.amazon.awssdk:third-party-jackson-core:2.42.36=compileClasspath,runtimeClasspath,testCompileClasspath,testRuntimeClasspath
software.amazon.awssdk:utils-lite:2.42.36=compileClasspath,runtimeClasspath,testCompileClasspath,testRuntimeClasspath
software.amazon.awssdk:utils:2.42.36=compileClasspath,runtimeClasspath,testCompileClasspath,testRuntimeClasspath
software.amazon.eventstream:eventstream:1.0.1=compileClasspath,runtimeClasspath,testCompileClasspath,testRuntimeClasspath
tools.jackson.core:jackson-core:3.1.4=runtimeClasspath,testRuntimeClasspath
tools.jackson.core:jackson-databind:3.1.4=runtimeClasspath,testRuntimeClasspath
tools.jackson:jackson-bom:3.1.4=runtimeClasspath,testRuntimeClasspath
empty=
